
Microsoft Visual Studio Solution File, Format Version 11.00
# Visual Studio 2010
Project("{FAE04EC0-301F-11D3-BF4B-00C04F79EFBC}") = "TestService", "TestService\TestService.csproj", "{1BF50D88-DB89-4B08-BD9A-29A5D6189A65}"
EndProject
Project("{FAE04EC0-301F-11D3-BF4B-00C04F79EFBC}") = "WCFBehaviors", "WCFBehaviors\WCFBehaviors.csproj", "{8B037F5D-14F1-4ACE-A89A-B63359C7993F}"
EndProject
Project("{FAE04EC0-301F-11D3-BF4B-00C04F79EFBC}") = "TestClient", "TestClient\TestClient.csproj", "{0BAD09A3-D940-4F6D-A881-DA026174B50A}"
	ProjectSection(ProjectDependencies) = postProject
		{1BF50D88-DB89-4B08-BD9A-29A5D6189A65} = {1BF50D88-DB89-4B08-BD9A-29A5D6189A65}
	EndProjectSection
EndProject
Project("{FAE04EC0-301F-11D3-BF4B-00C04F79EFBC}") = "TestWFService", "TestWFService\TestWFService.csproj", "{EAED8198-7A46-4CFD-89A0-600BF09236BE}"
EndProject
Global
	GlobalSection(TeamFoundationVersionControl) = preSolution
		SccNumberOfProjects = 5
		SccEnterpriseProvider = {4CA58AB2-18FA-4F8D-95D4-32DDF27D184C}
		SccTeamFoundationServer = http://tfs.ap.aderant.com:8080/
		SccLocalPath0 = .
		SccProjectUniqueName1 = TestClient\\TestClient.csproj
		SccProjectName1 = TestClient
		SccLocalPath1 = TestClient
		SccProjectUniqueName2 = TestService\\TestService.csproj
		SccProjectName2 = TestService
		SccLocalPath2 = TestService
		SccProjectUniqueName3 = TestWFService\\TestWFService.csproj
		SccProjectName3 = TestWFService
		SccLocalPath3 = TestWFService
		SccProjectUniqueName4 = WCFBehaviors\\WCFBehaviors.csproj
		SccProjectName4 = WCFBehaviors
		SccLocalPath4 = WCFBehaviors
	EndGlobalSection
	GlobalSection(SolutionConfigurationPlatforms) = preSolution
		Debug|Any CPU = Debug|Any CPU
		Debug|Mixed Platforms = Debug|Mixed Platforms
		Debug|x86 = Debug|x86
		Release|Any CPU = Release|Any CPU
		Release|Mixed Platforms = Release|Mixed Platforms
		Release|x86 = Release|x86
	EndGlobalSection
	GlobalSection(ProjectConfigurationPlatforms) = postSolution
		{1BF50D88-DB89-4B08-BD9A-29A5D6189A65}.Debug|Any CPU.ActiveCfg = Debug|Any CPU
		{1BF50D88-DB89-4B08-BD9A-29A5D6189A65}.Debug|Any CPU.Build.0 = Debug|Any CPU
		{1BF50D88-DB89-4B08-BD9A-29A5D6189A65}.Debug|Mixed Platforms.ActiveCfg = Debug|Any CPU
		{1BF50D88-DB89-4B08-BD9A-29A5D6189A65}.Debug|Mixed Platforms.Build.0 = Debug|Any CPU
		{1BF50D88-DB89-4B08-BD9A-29A5D6189A65}.Debug|x86.ActiveCfg = Debug|Any CPU
		{1BF50D88-DB89-4B08-BD9A-29A5D6189A65}.Release|Any CPU.ActiveCfg = Release|Any CPU
		{1BF50D88-DB89-4B08-BD9A-29A5D6189A65}.Release|Any CPU.Build.0 = Release|Any CPU
		{1BF50D88-DB89-4B08-BD9A-29A5D6189A65}.Release|Mixed Platforms.ActiveCfg = Release|Any CPU
		{1BF50D88-DB89-4B08-BD9A-29A5D6189A65}.Release|Mixed Platforms.Build.0 = Release|Any CPU
		{1BF50D88-DB89-4B08-BD9A-29A5D6189A65}.Release|x86.ActiveCfg = Release|Any CPU
		{8B037F5D-14F1-4ACE-A89A-B63359C7993F}.Debug|Any CPU.ActiveCfg = Debug|Any CPU
		{8B037F5D-14F1-4ACE-A89A-B63359C7993F}.Debug|Any CPU.Build.0 = Debug|Any CPU
		{8B037F5D-14F1-4ACE-A89A-B63359C7993F}.Debug|Mixed Platforms.ActiveCfg = Debug|Any CPU
		{8B037F5D-14F1-4ACE-A89A-B63359C7993F}.Debug|Mixed Platforms.Build.0 = Debug|Any CPU
		{8B037F5D-14F1-4ACE-A89A-B63359C7993F}.Debug|x86.ActiveCfg = Debug|Any CPU
		{8B037F5D-14F1-4ACE-A89A-B63359C7993F}.Release|Any CPU.ActiveCfg = Release|Any CPU
		{8B037F5D-14F1-4ACE-A89A-B63359C7993F}.Release|Any CPU.Build.0 = Release|Any CPU
		{8B037F5D-14F1-4ACE-A89A-B63359C7993F}.Release|Mixed Platforms.ActiveCfg = Release|Any CPU
		{8B037F5D-14F1-4ACE-A89A-B63359C7993F}.Release|Mixed Platforms.Build.0 = Release|Any CPU
		{8B037F5D-14F1-4ACE-A89A-B63359C7993F}.Release|x86.ActiveCfg = Release|Any CPU
		{0BAD09A3-D940-4F6D-A881-DA026174B50A}.Debug|Any CPU.ActiveCfg = Debug|x86
		{0BAD09A3-D940-4F6D-A881-DA026174B50A}.Debug|Mixed Platforms.ActiveCfg = Debug|x86
		{0BAD09A3-D940-4F6D-A881-DA026174B50A}.Debug|Mixed Platforms.Build.0 = Debug|x86
		{0BAD09A3-D940-4F6D-A881-DA026174B50A}.Debug|x86.ActiveCfg = Debug|x86
		{0BAD09A3-D940-4F6D-A881-DA026174B50A}.Debug|x86.Build.0 = Debug|x86
		{0BAD09A3-D940-4F6D-A881-DA026174B50A}.Release|Any CPU.ActiveCfg = Release|x86
		{0BAD09A3-D940-4F6D-A881-DA026174B50A}.Release|Mixed Platforms.ActiveCfg = Release|x86
		{0BAD09A3-D940-4F6D-A881-DA026174B50A}.Release|Mixed Platforms.Build.0 = Release|x86
		{0BAD09A3-D940-4F6D-A881-DA026174B50A}.Release|x86.ActiveCfg = Release|x86
		{0BAD09A3-D940-4F6D-A881-DA026174B50A}.Release|x86.Build.0 = Release|x86
		{EAED8198-7A46-4CFD-89A0-600BF09236BE}.Debug|Any CPU.ActiveCfg = Debug|Any CPU
		{EAED8198-7A46-4CFD-89A0-600BF09236BE}.Debug|Any CPU.Build.0 = Debug|Any CPU
		{EAED8198-7A46-4CFD-89A0-600BF09236BE}.Debug|Mixed Platforms.ActiveCfg = Debug|Any CPU
		{EAED8198-7A46-4CFD-89A0-600BF09236BE}.Debug|Mixed Platforms.Build.0 = Debug|Any CPU
		{EAED8198-7A46-4CFD-89A0-600BF09236BE}.Debug|x86.ActiveCfg = Debug|Any CPU
		{EAED8198-7A46-4CFD-89A0-600BF09236BE}.Release|Any CPU.ActiveCfg = Release|Any CPU
		{EAED8198-7A46-4CFD-89A0-600BF09236BE}.Release|Any CPU.Build.0 = Release|Any CPU
		{EAED8198-7A46-4CFD-89A0-600BF09236BE}.Release|Mixed Platforms.ActiveCfg = Release|Any CPU
		{EAED8198-7A46-4CFD-89A0-600BF09236BE}.Release|Mixed Platforms.Build.0 = Release|Any CPU
		{EAED8198-7A46-4CFD-89A0-600BF09236BE}.Release|x86.ActiveCfg = Release|Any CPU
	EndGlobalSection
	GlobalSection(SolutionProperties) = preSolution
		HideSolutionNode = FALSE
	EndGlobalSection
EndGlobal
