
Microsoft Visual Studio Solution File, Format Version 12.00
# Visual Studio 14
VisualStudioVersion = 14.0.25123.0
MinimumVisualStudioVersion = 10.0.40219.1
Project("{FAE04EC0-301F-11D3-BF4B-00C04F79EFBC}") = "TestService", "TestService\TestService.csproj", "{1BF50D88-DB89-4B08-BD9A-29A5D6189A65}"
EndProject
Project("{FAE04EC0-301F-11D3-BF4B-00C04F79EFBC}") = "WCFBehaviors", "WCFBehaviors\WCFBehaviors.csproj", "{8B037F5D-14F1-4ACE-A89A-B63359C7993F}"
EndProject
Project("{FAE04EC0-301F-11D3-BF4B-00C04F79EFBC}") = "TestClient", "TestClient\TestClient.csproj", "{0BAD09A3-D940-4F6D-A881-DA026174B50A}"
	ProjectSection(ProjectDependencies) = postProject
		{1BF50D88-DB89-4B08-BD9A-29A5D6189A65} = {1BF50D88-DB89-4B08-BD9A-29A5D6189A65}
	EndProjectSection
EndProject
Project("{FAE04EC0-301F-11D3-BF4B-00C04F79EFBC}") = "TestWFService", "TestWFService\TestWFService.csproj", "{EAED8198-7A46-4CFD-89A0-600BF09236BE}"
EndProject
Project("{FAE04EC0-301F-11D3-BF4B-00C04F79EFBC}") = "WCFClientUtilities", "WCFClientUtilities\WCFClientUtilities.csproj", "{4F58037D-8F24-4774-AEB5-C9C2BF793B7B}"
EndProject
Project("{FAE04EC0-301F-11D3-BF4B-00C04F79EFBC}") = "UnitTests.WcfClientUltilities", "UnitTests.WcfClientUltilities\UnitTests.WcfClientUltilities.csproj", "{E9BEBA57-9465-4527-A8DA-39E89AE0E3DD}"
EndProject
Global
	GlobalSection(SolutionConfigurationPlatforms) = preSolution
		Debug|Any CPU = Debug|Any CPU
		Debug|Mixed Platforms = Debug|Mixed Platforms
		Debug|x86 = Debug|x86
		Release|Any CPU = Release|Any CPU
		Release|Mixed Platforms = Release|Mixed Platforms
		Release|x86 = Release|x86
	EndGlobalSection
	GlobalSection(ProjectConfigurationPlatforms) = postSolution
		{1BF50D88-DB89-4B08-BD9A-29A5D6189A65}.Debug|Any CPU.ActiveCfg = Debug|Any CPU
		{1BF50D88-DB89-4B08-BD9A-29A5D6189A65}.Debug|Any CPU.Build.0 = Debug|Any CPU
		{1BF50D88-DB89-4B08-BD9A-29A5D6189A65}.Debug|Mixed Platforms.ActiveCfg = Debug|Any CPU
		{1BF50D88-DB89-4B08-BD9A-29A5D6189A65}.Debug|Mixed Platforms.Build.0 = Debug|Any CPU
		{1BF50D88-DB89-4B08-BD9A-29A5D6189A65}.Debug|x86.ActiveCfg = Debug|Any CPU
		{1BF50D88-DB89-4B08-BD9A-29A5D6189A65}.Release|Any CPU.ActiveCfg = Release|Any CPU
		{1BF50D88-DB89-4B08-BD9A-29A5D6189A65}.Release|Any CPU.Build.0 = Release|Any CPU
		{1BF50D88-DB89-4B08-BD9A-29A5D6189A65}.Release|Mixed Platforms.ActiveCfg = Release|Any CPU
		{1BF50D88-DB89-4B08-BD9A-29A5D6189A65}.Release|Mixed Platforms.Build.0 = Release|Any CPU
		{1BF50D88-DB89-4B08-BD9A-29A5D6189A65}.Release|x86.ActiveCfg = Release|Any CPU
		{8B037F5D-14F1-4ACE-A89A-B63359C7993F}.Debug|Any CPU.ActiveCfg = Debug|Any CPU
		{8B037F5D-14F1-4ACE-A89A-B63359C7993F}.Debug|Any CPU.Build.0 = Debug|Any CPU
		{8B037F5D-14F1-4ACE-A89A-B63359C7993F}.Debug|Mixed Platforms.ActiveCfg = Debug|Any CPU
		{8B037F5D-14F1-4ACE-A89A-B63359C7993F}.Debug|Mixed Platforms.Build.0 = Debug|Any CPU
		{8B037F5D-14F1-4ACE-A89A-B63359C7993F}.Debug|x86.ActiveCfg = Debug|Any CPU
		{8B037F5D-14F1-4ACE-A89A-B63359C7993F}.Release|Any CPU.ActiveCfg = Release|Any CPU
		{8B037F5D-14F1-4ACE-A89A-B63359C7993F}.Release|Any CPU.Build.0 = Release|Any CPU
		{8B037F5D-14F1-4ACE-A89A-B63359C7993F}.Release|Mixed Platforms.ActiveCfg = Release|Any CPU
		{8B037F5D-14F1-4ACE-A89A-B63359C7993F}.Release|Mixed Platforms.Build.0 = Release|Any CPU
		{8B037F5D-14F1-4ACE-A89A-B63359C7993F}.Release|x86.ActiveCfg = Release|Any CPU
		{0BAD09A3-D940-4F6D-A881-DA026174B50A}.Debug|Any CPU.ActiveCfg = Debug|x86
		{0BAD09A3-D940-4F6D-A881-DA026174B50A}.Debug|Mixed Platforms.ActiveCfg = Debug|x86
		{0BAD09A3-D940-4F6D-A881-DA026174B50A}.Debug|Mixed Platforms.Build.0 = Debug|x86
		{0BAD09A3-D940-4F6D-A881-DA026174B50A}.Debug|x86.ActiveCfg = Debug|x86
		{0BAD09A3-D940-4F6D-A881-DA026174B50A}.Debug|x86.Build.0 = Debug|x86
		{0BAD09A3-D940-4F6D-A881-DA026174B50A}.Release|Any CPU.ActiveCfg = Release|x86
		{0BAD09A3-D940-4F6D-A881-DA026174B50A}.Release|Mixed Platforms.ActiveCfg = Release|x86
		{0BAD09A3-D940-4F6D-A881-DA026174B50A}.Release|Mixed Platforms.Build.0 = Release|x86
		{0BAD09A3-D940-4F6D-A881-DA026174B50A}.Release|x86.ActiveCfg = Release|x86
		{0BAD09A3-D940-4F6D-A881-DA026174B50A}.Release|x86.Build.0 = Release|x86
		{EAED8198-7A46-4CFD-89A0-600BF09236BE}.Debug|Any CPU.ActiveCfg = Debug|Any CPU
		{EAED8198-7A46-4CFD-89A0-600BF09236BE}.Debug|Any CPU.Build.0 = Debug|Any CPU
		{EAED8198-7A46-4CFD-89A0-600BF09236BE}.Debug|Mixed Platforms.ActiveCfg = Debug|Any CPU
		{EAED8198-7A46-4CFD-89A0-600BF09236BE}.Debug|Mixed Platforms.Build.0 = Debug|Any CPU
		{EAED8198-7A46-4CFD-89A0-600BF09236BE}.Debug|x86.ActiveCfg = Debug|Any CPU
		{EAED8198-7A46-4CFD-89A0-600BF09236BE}.Release|Any CPU.ActiveCfg = Release|Any CPU
		{EAED8198-7A46-4CFD-89A0-600BF09236BE}.Release|Any CPU.Build.0 = Release|Any CPU
		{EAED8198-7A46-4CFD-89A0-600BF09236BE}.Release|Mixed Platforms.ActiveCfg = Release|Any CPU
		{EAED8198-7A46-4CFD-89A0-600BF09236BE}.Release|Mixed Platforms.Build.0 = Release|Any CPU
		{EAED8198-7A46-4CFD-89A0-600BF09236BE}.Release|x86.ActiveCfg = Release|Any CPU
		{4F58037D-8F24-4774-AEB5-C9C2BF793B7B}.Debug|Any CPU.ActiveCfg = Debug|Any CPU
		{4F58037D-8F24-4774-AEB5-C9C2BF793B7B}.Debug|Any CPU.Build.0 = Debug|Any CPU
		{4F58037D-8F24-4774-AEB5-C9C2BF793B7B}.Debug|Mixed Platforms.ActiveCfg = Debug|Any CPU
		{4F58037D-8F24-4774-AEB5-C9C2BF793B7B}.Debug|Mixed Platforms.Build.0 = Debug|Any CPU
		{4F58037D-8F24-4774-AEB5-C9C2BF793B7B}.Debug|x86.ActiveCfg = Debug|Any CPU
		{4F58037D-8F24-4774-AEB5-C9C2BF793B7B}.Debug|x86.Build.0 = Debug|Any CPU
		{4F58037D-8F24-4774-AEB5-C9C2BF793B7B}.Release|Any CPU.ActiveCfg = Release|Any CPU
		{4F58037D-8F24-4774-AEB5-C9C2BF793B7B}.Release|Any CPU.Build.0 = Release|Any CPU
		{4F58037D-8F24-4774-AEB5-C9C2BF793B7B}.Release|Mixed Platforms.ActiveCfg = Release|Any CPU
		{4F58037D-8F24-4774-AEB5-C9C2BF793B7B}.Release|Mixed Platforms.Build.0 = Release|Any CPU
		{4F58037D-8F24-4774-AEB5-C9C2BF793B7B}.Release|x86.ActiveCfg = Release|Any CPU
		{4F58037D-8F24-4774-AEB5-C9C2BF793B7B}.Release|x86.Build.0 = Release|Any CPU
		{E9BEBA57-9465-4527-A8DA-39E89AE0E3DD}.Debug|Any CPU.ActiveCfg = Debug|Any CPU
		{E9BEBA57-9465-4527-A8DA-39E89AE0E3DD}.Debug|Any CPU.Build.0 = Debug|Any CPU
		{E9BEBA57-9465-4527-A8DA-39E89AE0E3DD}.Debug|Mixed Platforms.ActiveCfg = Debug|Any CPU
		{E9BEBA57-9465-4527-A8DA-39E89AE0E3DD}.Debug|Mixed Platforms.Build.0 = Debug|Any CPU
		{E9BEBA57-9465-4527-A8DA-39E89AE0E3DD}.Debug|x86.ActiveCfg = Debug|Any CPU
		{E9BEBA57-9465-4527-A8DA-39E89AE0E3DD}.Debug|x86.Build.0 = Debug|Any CPU
		{E9BEBA57-9465-4527-A8DA-39E89AE0E3DD}.Release|Any CPU.ActiveCfg = Release|Any CPU
		{E9BEBA57-9465-4527-A8DA-39E89AE0E3DD}.Release|Any CPU.Build.0 = Release|Any CPU
		{E9BEBA57-9465-4527-A8DA-39E89AE0E3DD}.Release|Mixed Platforms.ActiveCfg = Release|Any CPU
		{E9BEBA57-9465-4527-A8DA-39E89AE0E3DD}.Release|Mixed Platforms.Build.0 = Release|Any CPU
		{E9BEBA57-9465-4527-A8DA-39E89AE0E3DD}.Release|x86.ActiveCfg = Release|Any CPU
		{E9BEBA57-9465-4527-A8DA-39E89AE0E3DD}.Release|x86.Build.0 = Release|Any CPU
	EndGlobalSection
	GlobalSection(SolutionProperties) = preSolution
		HideSolutionNode = FALSE
	EndGlobalSection
EndGlobal
